
Microsoft Visual Studio Solution File, Format Version 12.00
# Visual Studio Version 16
VisualStudioVersion = 16.0.30128.74
MinimumVisualStudioVersion = 10.0.40219.1
Project("{FAE04EC0-301F-11D3-BF4B-00C04F79EFBC}") = "StudentTrackingSystem3", "StudentTrackingSystem3\StudentTrackingSystem3.csproj", "{A49DD281-4267-4B67-B8D5-8C527A664F76}"
EndProject
Project("{2150E333-8FDC-42A3-9474-1A3956D46DE8}") = "Solution Items", "Solution Items", "{8BEF9759-1656-485D-AEDF-5EE9BAAEB07B}"
	ProjectSection(SolutionItems) = preProject
		Scripts\SQL_Codes\Grant.sql = Scripts\SQL_Codes\Grant.sql
	EndProjectSection
EndProject
Global
	GlobalSection(SolutionConfigurationPlatforms) = preSolution
		Debug|Any CPU = Debug|Any CPU
		Release|Any CPU = Release|Any CPU
	EndGlobalSection
	GlobalSection(ProjectConfigurationPlatforms) = postSolution
		{A49DD281-4267-4B67-B8D5-8C527A664F76}.Debug|Any CPU.ActiveCfg = Debug|Any CPU
		{A49DD281-4267-4B67-B8D5-8C527A664F76}.Debug|Any CPU.Build.0 = Debug|Any CPU
		{A49DD281-4267-4B67-B8D5-8C527A664F76}.Release|Any CPU.ActiveCfg = Release|Any CPU
		{A49DD281-4267-4B67-B8D5-8C527A664F76}.Release|Any CPU.Build.0 = Release|Any CPU
	EndGlobalSection
	GlobalSection(SolutionProperties) = preSolution
		HideSolutionNode = FALSE
	EndGlobalSection
	GlobalSection(ExtensibilityGlobals) = postSolution
		SolutionGuid = {5364B487-76E4-4695-9E1B-021D834BBA82}
	EndGlobalSection
EndGlobal
