
Microsoft Visual Studio Solution File, Format Version 12.00
# Visual Studio 14
VisualStudioVersion = 14.0.25123.0
MinimumVisualStudioVersion = 10.0.40219.1
Project("{FAE04EC0-301F-11D3-BF4B-00C04F79EFBC}") = "StudentTrackingSystem", "StudentTrackingSystem2\StudentTrackingSystem.csproj", "{7A9C4387-421B-4164-ADC5-753989326CCB}"
EndProject
Project("{FAE04EC0-301F-11D3-BF4B-00C04F79EFBC}") = "StudentTrackingSystem3", "StudentTrackingSystem3\StudentTrackingSystem3.csproj", "{A49DD281-4267-4B67-B8D5-8C527A664F76}"
EndProject
Global
	GlobalSection(SolutionConfigurationPlatforms) = preSolution
		Debug|Any CPU = Debug|Any CPU
		Release|Any CPU = Release|Any CPU
	EndGlobalSection
	GlobalSection(ProjectConfigurationPlatforms) = postSolution
		{7A9C4387-421B-4164-ADC5-753989326CCB}.Debug|Any CPU.ActiveCfg = Debug|Any CPU
		{7A9C4387-421B-4164-ADC5-753989326CCB}.Debug|Any CPU.Build.0 = Debug|Any CPU
		{7A9C4387-421B-4164-ADC5-753989326CCB}.Release|Any CPU.ActiveCfg = Release|Any CPU
		{7A9C4387-421B-4164-ADC5-753989326CCB}.Release|Any CPU.Build.0 = Release|Any CPU
		{A49DD281-4267-4B67-B8D5-8C527A664F76}.Debug|Any CPU.ActiveCfg = Debug|Any CPU
		{A49DD281-4267-4B67-B8D5-8C527A664F76}.Debug|Any CPU.Build.0 = Debug|Any CPU
		{A49DD281-4267-4B67-B8D5-8C527A664F76}.Release|Any CPU.ActiveCfg = Release|Any CPU
		{A49DD281-4267-4B67-B8D5-8C527A664F76}.Release|Any CPU.Build.0 = Release|Any CPU
	EndGlobalSection
	GlobalSection(SolutionProperties) = preSolution
		HideSolutionNode = FALSE
	EndGlobalSection
EndGlobal
